// !$*UTF8*$!
{
	archiveVersion = 1;
	classes = {
	};
	objectVersion = 56;
	objects = {

/* Begin PBXBuildFile section */
		E71998B02ABD767C00A23E75 /* InfoTemplateView.swift in Sources */ = {isa = PBXBuildFile; fileRef = E71998AF2ABD767C00A23E75 /* InfoTemplateView.swift */; };
		E71998B22ABD790500A23E75 /* HorizontalScrollView.swift in Sources */ = {isa = PBXBuildFile; fileRef = E71998B12ABD790500A23E75 /* HorizontalScrollView.swift */; };
		E71998BB2AC5581D00A23E75 /* MiscTemplateView.swift in Sources */ = {isa = PBXBuildFile; fileRef = E71998BA2AC5581D00A23E75 /* MiscTemplateView.swift */; };
		E71998C32AC614B900A23E75 /* HeaderView.swift in Sources */ = {isa = PBXBuildFile; fileRef = E71998C22AC614B900A23E75 /* HeaderView.swift */; };
		E71998C52AC6A6ED00A23E75 /* MoreToExploreView.swift in Sources */ = {isa = PBXBuildFile; fileRef = E71998C42AC6A6ED00A23E75 /* MoreToExploreView.swift */; };
		E71998CD2AC6AC2B00A23E75 /* LocationTemplateView.swift in Sources */ = {isa = PBXBuildFile; fileRef = E71998CC2AC6AC2B00A23E75 /* LocationTemplateView.swift */; };
		E71998CF2AC6AD6800A23E75 /* TemplateView.swift in Sources */ = {isa = PBXBuildFile; fileRef = E71998CE2AC6AD6800A23E75 /* TemplateView.swift */; };
		E71998D22AC80C6100A23E75 /* CampusEatsView.swift in Sources */ = {isa = PBXBuildFile; fileRef = E71998D12AC80C6100A23E75 /* CampusEatsView.swift */; };
		E71998D62AC9452E00A23E75 /* SafariController.swift in Sources */ = {isa = PBXBuildFile; fileRef = E71998D52AC9452E00A23E75 /* SafariController.swift */; };
		E71998D82AC9460A00A23E75 /* MoreInfoView.swift in Sources */ = {isa = PBXBuildFile; fileRef = E71998D72AC9460A00A23E75 /* MoreInfoView.swift */; };
		E71998DB2AC94A2200A23E75 /* ContentView.swift in Sources */ = {isa = PBXBuildFile; fileRef = E71998DA2AC94A2200A23E75 /* ContentView.swift */; };
		E71998DE2AD4FE8E00A23E75 /* CourseDatabaseManager.swift in Sources */ = {isa = PBXBuildFile; fileRef = E71998DD2AD4FE8E00A23E75 /* CourseDatabaseManager.swift */; };
		E71998E02AD5320800A23E75 /* CourseDatabaseController.swift in Sources */ = {isa = PBXBuildFile; fileRef = E71998DF2AD5320800A23E75 /* CourseDatabaseController.swift */; };
		E7A591552AA99CB900B7FB4A /* MainMenuView.swift in Sources */ = {isa = PBXBuildFile; fileRef = E7A591542AA99CB900B7FB4A /* MainMenuView.swift */; };
		E7A591592AA99DA800B7FB4A /* WeatherAPIManager.swift in Sources */ = {isa = PBXBuildFile; fileRef = E7A591582AA99DA800B7FB4A /* WeatherAPIManager.swift */; };
		E7A5915D2AA99FE700B7FB4A /* SchoolHeaderView.swift in Sources */ = {isa = PBXBuildFile; fileRef = E7A5915C2AA99FE700B7FB4A /* SchoolHeaderView.swift */; };
		E7A5915F2AA99FFD00B7FB4A /* DateView.swift in Sources */ = {isa = PBXBuildFile; fileRef = E7A5915E2AA99FFD00B7FB4A /* DateView.swift */; };
		E7A591612AA9A01500B7FB4A /* GreetingView.swift in Sources */ = {isa = PBXBuildFile; fileRef = E7A591602AA9A01500B7FB4A /* GreetingView.swift */; };
		E7A591632AA9A02C00B7FB4A /* TemperatureView.swift in Sources */ = {isa = PBXBuildFile; fileRef = E7A591622AA9A02C00B7FB4A /* TemperatureView.swift */; };
		E7A591662AA9B27800B7FB4A /* WeatherController.swift in Sources */ = {isa = PBXBuildFile; fileRef = E7A591652AA9B27800B7FB4A /* WeatherController.swift */; };
		E7A5916A2AAC21EE00B7FB4A /* DiningHallMenuView.swift in Sources */ = {isa = PBXBuildFile; fileRef = E7A591692AAC21EE00B7FB4A /* DiningHallMenuView.swift */; };
		E7C040142ADF0A0E004EDBB2 /* StoresView.swift in Sources */ = {isa = PBXBuildFile; fileRef = E7C040132ADF0A0E004EDBB2 /* StoresView.swift */; };
		E7C040172ADF2620004EDBB2 /* EventsView.swift in Sources */ = {isa = PBXBuildFile; fileRef = E7C040162ADF2620004EDBB2 /* EventsView.swift */; };
		E7C040192ADF50B3004EDBB2 /* EventsHeaderView.swift in Sources */ = {isa = PBXBuildFile; fileRef = E7C040182ADF50B3004EDBB2 /* EventsHeaderView.swift */; };
		E7C0401B2ADF513F004EDBB2 /* EventsTemplateView.swift in Sources */ = {isa = PBXBuildFile; fileRef = E7C0401A2ADF513F004EDBB2 /* EventsTemplateView.swift */; };
		E7D81B782ADE41530090D54E /* RefreshmentsView.swift in Sources */ = {isa = PBXBuildFile; fileRef = E7D81B772ADE41530090D54E /* RefreshmentsView.swift */; };
		E7E228542A8AD80C003C784A /* ucr_appApp.swift in Sources */ = {isa = PBXBuildFile; fileRef = E7E228532A8AD80C003C784A /* ucr_appApp.swift */; };
		E7E228582A8AD80E003C784A /* Assets.xcassets in Resources */ = {isa = PBXBuildFile; fileRef = E7E228572A8AD80E003C784A /* Assets.xcassets */; };
		E7E2285B2A8AD80E003C784A /* Preview Assets.xcassets in Resources */ = {isa = PBXBuildFile; fileRef = E7E2285A2A8AD80E003C784A /* Preview Assets.xcassets */; };
		E7E228652A8AD80E003C784A /* ucr_appTests.swift in Sources */ = {isa = PBXBuildFile; fileRef = E7E228642A8AD80E003C784A /* ucr_appTests.swift */; };
		E7E2286F2A8AD80E003C784A /* ucr_appUITests.swift in Sources */ = {isa = PBXBuildFile; fileRef = E7E2286E2A8AD80E003C784A /* ucr_appUITests.swift */; };
		E7E228712A8AD80E003C784A /* ucr_appUITestsLaunchTests.swift in Sources */ = {isa = PBXBuildFile; fileRef = E7E228702A8AD80E003C784A /* ucr_appUITestsLaunchTests.swift */; };
		E7E2287E2A8AD86F003C784A /* Launch Screen.storyboard in Resources */ = {isa = PBXBuildFile; fileRef = E7E2287D2A8AD86F003C784A /* Launch Screen.storyboard */; };
/* End PBXBuildFile section */

/* Begin PBXContainerItemProxy section */
		E7E228612A8AD80E003C784A /* PBXContainerItemProxy */ = {
			isa = PBXContainerItemProxy;
			containerPortal = E7E228482A8AD80C003C784A /* Project object */;
			proxyType = 1;
			remoteGlobalIDString = E7E2284F2A8AD80C003C784A;
			remoteInfo = "ucr app";
		};
		E7E2286B2A8AD80E003C784A /* PBXContainerItemProxy */ = {
			isa = PBXContainerItemProxy;
			containerPortal = E7E228482A8AD80C003C784A /* Project object */;
			proxyType = 1;
			remoteGlobalIDString = E7E2284F2A8AD80C003C784A;
			remoteInfo = "ucr app";
		};
/* End PBXContainerItemProxy section */

/* Begin PBXFileReference section */
		E71998AF2ABD767C00A23E75 /* InfoTemplateView.swift */ = {isa = PBXFileReference; lastKnownFileType = sourcecode.swift; path = InfoTemplateView.swift; sourceTree = "<group>"; };
		E71998B12ABD790500A23E75 /* HorizontalScrollView.swift */ = {isa = PBXFileReference; lastKnownFileType = sourcecode.swift; path = HorizontalScrollView.swift; sourceTree = "<group>"; };
		E71998BA2AC5581D00A23E75 /* MiscTemplateView.swift */ = {isa = PBXFileReference; lastKnownFileType = sourcecode.swift; path = MiscTemplateView.swift; sourceTree = "<group>"; };
		E71998C22AC614B900A23E75 /* HeaderView.swift */ = {isa = PBXFileReference; lastKnownFileType = sourcecode.swift; path = HeaderView.swift; sourceTree = "<group>"; };
		E71998C42AC6A6ED00A23E75 /* MoreToExploreView.swift */ = {isa = PBXFileReference; lastKnownFileType = sourcecode.swift; path = MoreToExploreView.swift; sourceTree = "<group>"; };
		E71998CC2AC6AC2B00A23E75 /* LocationTemplateView.swift */ = {isa = PBXFileReference; lastKnownFileType = sourcecode.swift; path = LocationTemplateView.swift; sourceTree = "<group>"; };
		E71998CE2AC6AD6800A23E75 /* TemplateView.swift */ = {isa = PBXFileReference; lastKnownFileType = sourcecode.swift; path = TemplateView.swift; sourceTree = "<group>"; };
		E71998D12AC80C6100A23E75 /* CampusEatsView.swift */ = {isa = PBXFileReference; lastKnownFileType = sourcecode.swift; path = CampusEatsView.swift; sourceTree = "<group>"; };
		E71998D52AC9452E00A23E75 /* SafariController.swift */ = {isa = PBXFileReference; lastKnownFileType = sourcecode.swift; path = SafariController.swift; sourceTree = "<group>"; };
		E71998D72AC9460A00A23E75 /* MoreInfoView.swift */ = {isa = PBXFileReference; lastKnownFileType = sourcecode.swift; path = MoreInfoView.swift; sourceTree = "<group>"; };
		E71998DA2AC94A2200A23E75 /* ContentView.swift */ = {isa = PBXFileReference; lastKnownFileType = sourcecode.swift; path = ContentView.swift; sourceTree = "<group>"; };
		E71998DD2AD4FE8E00A23E75 /* CourseDatabaseManager.swift */ = {isa = PBXFileReference; lastKnownFileType = sourcecode.swift; path = CourseDatabaseManager.swift; sourceTree = "<group>"; };
		E71998DF2AD5320800A23E75 /* CourseDatabaseController.swift */ = {isa = PBXFileReference; lastKnownFileType = sourcecode.swift; path = CourseDatabaseController.swift; sourceTree = "<group>"; };
		E7A591542AA99CB900B7FB4A /* MainMenuView.swift */ = {isa = PBXFileReference; lastKnownFileType = sourcecode.swift; path = MainMenuView.swift; sourceTree = "<group>"; };
		E7A591582AA99DA800B7FB4A /* WeatherAPIManager.swift */ = {isa = PBXFileReference; lastKnownFileType = sourcecode.swift; path = WeatherAPIManager.swift; sourceTree = "<group>"; };
		E7A5915C2AA99FE700B7FB4A /* SchoolHeaderView.swift */ = {isa = PBXFileReference; lastKnownFileType = sourcecode.swift; path = SchoolHeaderView.swift; sourceTree = "<group>"; };
		E7A5915E2AA99FFD00B7FB4A /* DateView.swift */ = {isa = PBXFileReference; lastKnownFileType = sourcecode.swift; path = DateView.swift; sourceTree = "<group>"; };
		E7A591602AA9A01500B7FB4A /* GreetingView.swift */ = {isa = PBXFileReference; lastKnownFileType = sourcecode.swift; path = GreetingView.swift; sourceTree = "<group>"; };
		E7A591622AA9A02C00B7FB4A /* TemperatureView.swift */ = {isa = PBXFileReference; lastKnownFileType = sourcecode.swift; path = TemperatureView.swift; sourceTree = "<group>"; };
		E7A591652AA9B27800B7FB4A /* WeatherController.swift */ = {isa = PBXFileReference; lastKnownFileType = sourcecode.swift; path = WeatherController.swift; sourceTree = "<group>"; };
		E7A591692AAC21EE00B7FB4A /* DiningHallMenuView.swift */ = {isa = PBXFileReference; lastKnownFileType = sourcecode.swift; path = DiningHallMenuView.swift; sourceTree = "<group>"; };
		E7C040132ADF0A0E004EDBB2 /* StoresView.swift */ = {isa = PBXFileReference; lastKnownFileType = sourcecode.swift; path = StoresView.swift; sourceTree = "<group>"; };
		E7C040162ADF2620004EDBB2 /* EventsView.swift */ = {isa = PBXFileReference; lastKnownFileType = sourcecode.swift; path = EventsView.swift; sourceTree = "<group>"; };
		E7C040182ADF50B3004EDBB2 /* EventsHeaderView.swift */ = {isa = PBXFileReference; lastKnownFileType = sourcecode.swift; path = EventsHeaderView.swift; sourceTree = "<group>"; };
		E7C0401A2ADF513F004EDBB2 /* EventsTemplateView.swift */ = {isa = PBXFileReference; lastKnownFileType = sourcecode.swift; path = EventsTemplateView.swift; sourceTree = "<group>"; };
		E7D81B772ADE41530090D54E /* RefreshmentsView.swift */ = {isa = PBXFileReference; lastKnownFileType = sourcecode.swift; path = RefreshmentsView.swift; sourceTree = "<group>"; };
		E7E228502A8AD80C003C784A /* ucr app.app */ = {isa = PBXFileReference; explicitFileType = wrapper.application; includeInIndex = 0; path = "ucr app.app"; sourceTree = BUILT_PRODUCTS_DIR; };
		E7E228532A8AD80C003C784A /* ucr_appApp.swift */ = {isa = PBXFileReference; lastKnownFileType = sourcecode.swift; path = ucr_appApp.swift; sourceTree = "<group>"; };
		E7E228572A8AD80E003C784A /* Assets.xcassets */ = {isa = PBXFileReference; lastKnownFileType = folder.assetcatalog; path = Assets.xcassets; sourceTree = "<group>"; };
		E7E2285A2A8AD80E003C784A /* Preview Assets.xcassets */ = {isa = PBXFileReference; lastKnownFileType = folder.assetcatalog; path = "Preview Assets.xcassets"; sourceTree = "<group>"; };
		E7E228602A8AD80E003C784A /* ucr appTests.xctest */ = {isa = PBXFileReference; explicitFileType = wrapper.cfbundle; includeInIndex = 0; path = "ucr appTests.xctest"; sourceTree = BUILT_PRODUCTS_DIR; };
		E7E228642A8AD80E003C784A /* ucr_appTests.swift */ = {isa = PBXFileReference; lastKnownFileType = sourcecode.swift; path = ucr_appTests.swift; sourceTree = "<group>"; };
		E7E2286A2A8AD80E003C784A /* ucr appUITests.xctest */ = {isa = PBXFileReference; explicitFileType = wrapper.cfbundle; includeInIndex = 0; path = "ucr appUITests.xctest"; sourceTree = BUILT_PRODUCTS_DIR; };
		E7E2286E2A8AD80E003C784A /* ucr_appUITests.swift */ = {isa = PBXFileReference; lastKnownFileType = sourcecode.swift; path = ucr_appUITests.swift; sourceTree = "<group>"; };
		E7E228702A8AD80E003C784A /* ucr_appUITestsLaunchTests.swift */ = {isa = PBXFileReference; lastKnownFileType = sourcecode.swift; path = ucr_appUITestsLaunchTests.swift; sourceTree = "<group>"; };
		E7E2287D2A8AD86F003C784A /* Launch Screen.storyboard */ = {isa = PBXFileReference; lastKnownFileType = file.storyboard; path = "Launch Screen.storyboard"; sourceTree = "<group>"; };
/* End PBXFileReference section */

/* Begin PBXFrameworksBuildPhase section */
		E7E2284D2A8AD80C003C784A /* Frameworks */ = {
			isa = PBXFrameworksBuildPhase;
			buildActionMask = 2147483647;
			files = (
			);
			runOnlyForDeploymentPostprocessing = 0;
		};
		E7E2285D2A8AD80E003C784A /* Frameworks */ = {
			isa = PBXFrameworksBuildPhase;
			buildActionMask = 2147483647;
			files = (
			);
			runOnlyForDeploymentPostprocessing = 0;
		};
		E7E228672A8AD80E003C784A /* Frameworks */ = {
			isa = PBXFrameworksBuildPhase;
			buildActionMask = 2147483647;
			files = (
			);
			runOnlyForDeploymentPostprocessing = 0;
		};
/* End PBXFrameworksBuildPhase section */

/* Begin PBXGroup section */
		E71998B72AC01B5300A23E75 /* Elements */ = {
			isa = PBXGroup;
			children = (
				E71998B12ABD790500A23E75 /* HorizontalScrollView.swift */,
				E71998C22AC614B900A23E75 /* HeaderView.swift */,
				E71998D72AC9460A00A23E75 /* MoreInfoView.swift */,
				E71998C62AC6AA3900A23E75 /* View Templates */,
			);
			path = Elements;
			sourceTree = "<group>";
		};
		E71998BE2AC6122B00A23E75 /* More To Explore Views */ = {
			isa = PBXGroup;
			children = (
				E71998C42AC6A6ED00A23E75 /* MoreToExploreView.swift */,
			);
			path = "More To Explore Views";
			sourceTree = "<group>";
		};
		E71998C62AC6AA3900A23E75 /* View Templates */ = {
			isa = PBXGroup;
			children = (
				E71998CE2AC6AD6800A23E75 /* TemplateView.swift */,
				E71998AF2ABD767C00A23E75 /* InfoTemplateView.swift */,
				E71998CC2AC6AC2B00A23E75 /* LocationTemplateView.swift */,
				E71998BA2AC5581D00A23E75 /* MiscTemplateView.swift */,
				E7C0401A2ADF513F004EDBB2 /* EventsTemplateView.swift */,
			);
			path = "View Templates";
			sourceTree = "<group>";
		};
		E71998D02AC80C2F00A23E75 /* Campus Eats Views */ = {
			isa = PBXGroup;
			children = (
				E71998D12AC80C6100A23E75 /* CampusEatsView.swift */,
			);
			path = "Campus Eats Views";
			sourceTree = "<group>";
		};
		E7A591532AA99C6900B7FB4A /* Views */ = {
			isa = PBXGroup;
			children = (
				E71998DA2AC94A2200A23E75 /* ContentView.swift */,
				E7C040162ADF2620004EDBB2 /* EventsView.swift */,
				E7A591542AA99CB900B7FB4A /* MainMenuView.swift */,
				E71998B72AC01B5300A23E75 /* Elements */,
				E7D81B792ADE5E6F0090D54E /* Home Views */,
				E7C040152ADF25FB004EDBB2 /* Events Views */,
			);
			path = Views;
			sourceTree = "<group>";
		};
		E7A591572AA99D1E00B7FB4A /* Models */ = {
			isa = PBXGroup;
			children = (
				E7A591582AA99DA800B7FB4A /* WeatherAPIManager.swift */,
				E71998DD2AD4FE8E00A23E75 /* CourseDatabaseManager.swift */,
			);
			path = Models;
			sourceTree = "<group>";
		};
		E7A591642AA9B24900B7FB4A /* Controllers */ = {
			isa = PBXGroup;
			children = (
				E7A591652AA9B27800B7FB4A /* WeatherController.swift */,
				E71998D52AC9452E00A23E75 /* SafariController.swift */,
				E71998DF2AD5320800A23E75 /* CourseDatabaseController.swift */,
			);
			path = Controllers;
			sourceTree = "<group>";
		};
		E7A591672AA9B68200B7FB4A /* Welcome Views */ = {
			isa = PBXGroup;
			children = (
				E7A5915C2AA99FE700B7FB4A /* SchoolHeaderView.swift */,
				E7A5915E2AA99FFD00B7FB4A /* DateView.swift */,
				E7A591622AA9A02C00B7FB4A /* TemperatureView.swift */,
				E7A591602AA9A01500B7FB4A /* GreetingView.swift */,
			);
			path = "Welcome Views";
			sourceTree = "<group>";
		};
		E7A591682AAA5CAB00B7FB4A /* Dining Hall Views */ = {
			isa = PBXGroup;
			children = (
				E7A591692AAC21EE00B7FB4A /* DiningHallMenuView.swift */,
			);
			path = "Dining Hall Views";
			sourceTree = "<group>";
		};
		E7C040122ADF09FD004EDBB2 /* Stores Views */ = {
			isa = PBXGroup;
			children = (
				E7C040132ADF0A0E004EDBB2 /* StoresView.swift */,
			);
			path = "Stores Views";
			sourceTree = "<group>";
		};
		E7C040152ADF25FB004EDBB2 /* Events Views */ = {
			isa = PBXGroup;
			children = (
				E7C040182ADF50B3004EDBB2 /* EventsHeaderView.swift */,
			);
			path = "Events Views";
			sourceTree = "<group>";
		};
		E7D81B762ADE41340090D54E /* Refreshments Views */ = {
			isa = PBXGroup;
			children = (
				E7D81B772ADE41530090D54E /* RefreshmentsView.swift */,
			);
			path = "Refreshments Views";
			sourceTree = "<group>";
		};
		E7D81B792ADE5E6F0090D54E /* Home Views */ = {
			isa = PBXGroup;
			children = (
				E7A591672AA9B68200B7FB4A /* Welcome Views */,
				E7A591682AAA5CAB00B7FB4A /* Dining Hall Views */,
				E71998D02AC80C2F00A23E75 /* Campus Eats Views */,
				E7D81B762ADE41340090D54E /* Refreshments Views */,
				E7C040122ADF09FD004EDBB2 /* Stores Views */,
				E71998BE2AC6122B00A23E75 /* More To Explore Views */,
			);
			path = "Home Views";
			sourceTree = "<group>";
		};
		E7E228472A8AD80C003C784A = {
			isa = PBXGroup;
			children = (
				E7E228522A8AD80C003C784A /* ucr app */,
				E7E228632A8AD80E003C784A /* ucr appTests */,
				E7E2286D2A8AD80E003C784A /* ucr appUITests */,
				E7E228512A8AD80C003C784A /* Products */,
			);
			sourceTree = "<group>";
		};
		E7E228512A8AD80C003C784A /* Products */ = {
			isa = PBXGroup;
			children = (
				E7E228502A8AD80C003C784A /* ucr app.app */,
				E7E228602A8AD80E003C784A /* ucr appTests.xctest */,
				E7E2286A2A8AD80E003C784A /* ucr appUITests.xctest */,
			);
			name = Products;
			sourceTree = "<group>";
		};
		E7E228522A8AD80C003C784A /* ucr app */ = {
			isa = PBXGroup;
			children = (
				E7A591572AA99D1E00B7FB4A /* Models */,
				E7A591532AA99C6900B7FB4A /* Views */,
				E7A591642AA9B24900B7FB4A /* Controllers */,
				E7E228532A8AD80C003C784A /* ucr_appApp.swift */,
				E7E2287D2A8AD86F003C784A /* Launch Screen.storyboard */,
				E7E228572A8AD80E003C784A /* Assets.xcassets */,
				E7E228592A8AD80E003C784A /* Preview Content */,
			);
			path = "ucr app";
			sourceTree = "<group>";
		};
		E7E228592A8AD80E003C784A /* Preview Content */ = {
			isa = PBXGroup;
			children = (
				E7E2285A2A8AD80E003C784A /* Preview Assets.xcassets */,
			);
			path = "Preview Content";
			sourceTree = "<group>";
		};
		E7E228632A8AD80E003C784A /* ucr appTests */ = {
			isa = PBXGroup;
			children = (
				E7E228642A8AD80E003C784A /* ucr_appTests.swift */,
			);
			path = "ucr appTests";
			sourceTree = "<group>";
		};
		E7E2286D2A8AD80E003C784A /* ucr appUITests */ = {
			isa = PBXGroup;
			children = (
				E7E2286E2A8AD80E003C784A /* ucr_appUITests.swift */,
				E7E228702A8AD80E003C784A /* ucr_appUITestsLaunchTests.swift */,
			);
			path = "ucr appUITests";
			sourceTree = "<group>";
		};
/* End PBXGroup section */

/* Begin PBXNativeTarget section */
		E7E2284F2A8AD80C003C784A /* ucr app */ = {
			isa = PBXNativeTarget;
			buildConfigurationList = E7E228742A8AD80E003C784A /* Build configuration list for PBXNativeTarget "ucr app" */;
			buildPhases = (
				E7E2284C2A8AD80C003C784A /* Sources */,
				E7E2284D2A8AD80C003C784A /* Frameworks */,
				E7E2284E2A8AD80C003C784A /* Resources */,
			);
			buildRules = (
			);
			dependencies = (
			);
			name = "ucr app";
			productName = "ucr app";
			productReference = E7E228502A8AD80C003C784A /* ucr app.app */;
			productType = "com.apple.product-type.application";
		};
		E7E2285F2A8AD80E003C784A /* ucr appTests */ = {
			isa = PBXNativeTarget;
			buildConfigurationList = E7E228772A8AD80E003C784A /* Build configuration list for PBXNativeTarget "ucr appTests" */;
			buildPhases = (
				E7E2285C2A8AD80E003C784A /* Sources */,
				E7E2285D2A8AD80E003C784A /* Frameworks */,
				E7E2285E2A8AD80E003C784A /* Resources */,
			);
			buildRules = (
			);
			dependencies = (
				E7E228622A8AD80E003C784A /* PBXTargetDependency */,
			);
			name = "ucr appTests";
			productName = "ucr appTests";
			productReference = E7E228602A8AD80E003C784A /* ucr appTests.xctest */;
			productType = "com.apple.product-type.bundle.unit-test";
		};
		E7E228692A8AD80E003C784A /* ucr appUITests */ = {
			isa = PBXNativeTarget;
			buildConfigurationList = E7E2287A2A8AD80E003C784A /* Build configuration list for PBXNativeTarget "ucr appUITests" */;
			buildPhases = (
				E7E228662A8AD80E003C784A /* Sources */,
				E7E228672A8AD80E003C784A /* Frameworks */,
				E7E228682A8AD80E003C784A /* Resources */,
			);
			buildRules = (
			);
			dependencies = (
				E7E2286C2A8AD80E003C784A /* PBXTargetDependency */,
			);
			name = "ucr appUITests";
			productName = "ucr appUITests";
			productReference = E7E2286A2A8AD80E003C784A /* ucr appUITests.xctest */;
			productType = "com.apple.product-type.bundle.ui-testing";
		};
/* End PBXNativeTarget section */

/* Begin PBXProject section */
		E7E228482A8AD80C003C784A /* Project object */ = {
			isa = PBXProject;
			attributes = {
				BuildIndependentTargetsInParallel = 1;
				LastSwiftUpdateCheck = 1420;
				LastUpgradeCheck = 1420;
				TargetAttributes = {
					E7E2284F2A8AD80C003C784A = {
						CreatedOnToolsVersion = 14.2;
					};
					E7E2285F2A8AD80E003C784A = {
						CreatedOnToolsVersion = 14.2;
						TestTargetID = E7E2284F2A8AD80C003C784A;
					};
					E7E228692A8AD80E003C784A = {
						CreatedOnToolsVersion = 14.2;
						TestTargetID = E7E2284F2A8AD80C003C784A;
					};
				};
			};
			buildConfigurationList = E7E2284B2A8AD80C003C784A /* Build configuration list for PBXProject "ucr app" */;
			compatibilityVersion = "Xcode 14.0";
			developmentRegion = en;
			hasScannedForEncodings = 0;
			knownRegions = (
				en,
				Base,
			);
			mainGroup = E7E228472A8AD80C003C784A;
			productRefGroup = E7E228512A8AD80C003C784A /* Products */;
			projectDirPath = "";
			projectRoot = "";
			targets = (
				E7E2284F2A8AD80C003C784A /* ucr app */,
				E7E2285F2A8AD80E003C784A /* ucr appTests */,
				E7E228692A8AD80E003C784A /* ucr appUITests */,
			);
		};
/* End PBXProject section */

/* Begin PBXResourcesBuildPhase section */
		E7E2284E2A8AD80C003C784A /* Resources */ = {
			isa = PBXResourcesBuildPhase;
			buildActionMask = 2147483647;
			files = (
				E7E2287E2A8AD86F003C784A /* Launch Screen.storyboard in Resources */,
				E7E2285B2A8AD80E003C784A /* Preview Assets.xcassets in Resources */,
				E7E228582A8AD80E003C784A /* Assets.xcassets in Resources */,
			);
			runOnlyForDeploymentPostprocessing = 0;
		};
		E7E2285E2A8AD80E003C784A /* Resources */ = {
			isa = PBXResourcesBuildPhase;
			buildActionMask = 2147483647;
			files = (
			);
			runOnlyForDeploymentPostprocessing = 0;
		};
		E7E228682A8AD80E003C784A /* Resources */ = {
			isa = PBXResourcesBuildPhase;
			buildActionMask = 2147483647;
			files = (
			);
			runOnlyForDeploymentPostprocessing = 0;
		};
/* End PBXResourcesBuildPhase section */

/* Begin PBXSourcesBuildPhase section */
		E7E2284C2A8AD80C003C784A /* Sources */ = {
			isa = PBXSourcesBuildPhase;
			buildActionMask = 2147483647;
			files = (
				E7A5915F2AA99FFD00B7FB4A /* DateView.swift in Sources */,
				E7A591632AA9A02C00B7FB4A /* TemperatureView.swift in Sources */,
				E7A591612AA9A01500B7FB4A /* GreetingView.swift in Sources */,
				E71998D82AC9460A00A23E75 /* MoreInfoView.swift in Sources */,
				E7D81B782ADE41530090D54E /* RefreshmentsView.swift in Sources */,
				E7A591592AA99DA800B7FB4A /* WeatherAPIManager.swift in Sources */,
				E7C040142ADF0A0E004EDBB2 /* StoresView.swift in Sources */,
				E71998CD2AC6AC2B00A23E75 /* LocationTemplateView.swift in Sources */,
				E71998DB2AC94A2200A23E75 /* ContentView.swift in Sources */,
				E7A5916A2AAC21EE00B7FB4A /* DiningHallMenuView.swift in Sources */,
				E7A5915D2AA99FE700B7FB4A /* SchoolHeaderView.swift in Sources */,
				E7A591552AA99CB900B7FB4A /* MainMenuView.swift in Sources */,
				E71998B22ABD790500A23E75 /* HorizontalScrollView.swift in Sources */,
				E7A591662AA9B27800B7FB4A /* WeatherController.swift in Sources */,
				E71998B02ABD767C00A23E75 /* InfoTemplateView.swift in Sources */,
				E71998BB2AC5581D00A23E75 /* MiscTemplateView.swift in Sources */,
				E7C040172ADF2620004EDBB2 /* EventsView.swift in Sources */,
				E7E228542A8AD80C003C784A /* ucr_appApp.swift in Sources */,
				E7C040192ADF50B3004EDBB2 /* EventsHeaderView.swift in Sources */,
				E71998D62AC9452E00A23E75 /* SafariController.swift in Sources */,
				E7C0401B2ADF513F004EDBB2 /* EventsTemplateView.swift in Sources */,
				E71998CF2AC6AD6800A23E75 /* TemplateView.swift in Sources */,
				E71998C32AC614B900A23E75 /* HeaderView.swift in Sources */,
				E71998D22AC80C6100A23E75 /* CampusEatsView.swift in Sources */,
				E71998E02AD5320800A23E75 /* CourseDatabaseController.swift in Sources */,
				E71998C52AC6A6ED00A23E75 /* MoreToExploreView.swift in Sources */,
				E71998DE2AD4FE8E00A23E75 /* CourseDatabaseManager.swift in Sources */,
			);
			runOnlyForDeploymentPostprocessing = 0;
		};
		E7E2285C2A8AD80E003C784A /* Sources */ = {
			isa = PBXSourcesBuildPhase;
			buildActionMask = 2147483647;
			files = (
				E7E228652A8AD80E003C784A /* ucr_appTests.swift in Sources */,
			);
			runOnlyForDeploymentPostprocessing = 0;
		};
		E7E228662A8AD80E003C784A /* Sources */ = {
			isa = PBXSourcesBuildPhase;
			buildActionMask = 2147483647;
			files = (
				E7E2286F2A8AD80E003C784A /* ucr_appUITests.swift in Sources */,
				E7E228712A8AD80E003C784A /* ucr_appUITestsLaunchTests.swift in Sources */,
			);
			runOnlyForDeploymentPostprocessing = 0;
		};
/* End PBXSourcesBuildPhase section */

/* Begin PBXTargetDependency section */
		E7E228622A8AD80E003C784A /* PBXTargetDependency */ = {
			isa = PBXTargetDependency;
			target = E7E2284F2A8AD80C003C784A /* ucr app */;
			targetProxy = E7E228612A8AD80E003C784A /* PBXContainerItemProxy */;
		};
		E7E2286C2A8AD80E003C784A /* PBXTargetDependency */ = {
			isa = PBXTargetDependency;
			target = E7E2284F2A8AD80C003C784A /* ucr app */;
			targetProxy = E7E2286B2A8AD80E003C784A /* PBXContainerItemProxy */;
		};
/* End PBXTargetDependency section */

/* Begin XCBuildConfiguration section */
		E7E228722A8AD80E003C784A /* Debug */ = {
			isa = XCBuildConfiguration;
			buildSettings = {
				ALWAYS_SEARCH_USER_PATHS = NO;
				CLANG_ANALYZER_NONNULL = YES;
				CLANG_ANALYZER_NUMBER_OBJECT_CONVERSION = YES_AGGRESSIVE;
				CLANG_CXX_LANGUAGE_STANDARD = "gnu++20";
				CLANG_ENABLE_MODULES = YES;
				CLANG_ENABLE_OBJC_ARC = YES;
				CLANG_ENABLE_OBJC_WEAK = YES;
				CLANG_WARN_BLOCK_CAPTURE_AUTORELEASING = YES;
				CLANG_WARN_BOOL_CONVERSION = YES;
				CLANG_WARN_COMMA = YES;
				CLANG_WARN_CONSTANT_CONVERSION = YES;
				CLANG_WARN_DEPRECATED_OBJC_IMPLEMENTATIONS = YES;
				CLANG_WARN_DIRECT_OBJC_ISA_USAGE = YES_ERROR;
				CLANG_WARN_DOCUMENTATION_COMMENTS = YES;
				CLANG_WARN_EMPTY_BODY = YES;
				CLANG_WARN_ENUM_CONVERSION = YES;
				CLANG_WARN_INFINITE_RECURSION = YES;
				CLANG_WARN_INT_CONVERSION = YES;
				CLANG_WARN_NON_LITERAL_NULL_CONVERSION = YES;
				CLANG_WARN_OBJC_IMPLICIT_RETAIN_SELF = YES;
				CLANG_WARN_OBJC_LITERAL_CONVERSION = YES;
				CLANG_WARN_OBJC_ROOT_CLASS = YES_ERROR;
				CLANG_WARN_QUOTED_INCLUDE_IN_FRAMEWORK_HEADER = YES;
				CLANG_WARN_RANGE_LOOP_ANALYSIS = YES;
				CLANG_WARN_STRICT_PROTOTYPES = YES;
				CLANG_WARN_SUSPICIOUS_MOVE = YES;
				CLANG_WARN_UNGUARDED_AVAILABILITY = YES_AGGRESSIVE;
				CLANG_WARN_UNREACHABLE_CODE = YES;
				CLANG_WARN__DUPLICATE_METHOD_MATCH = YES;
				COPY_PHASE_STRIP = NO;
				DEBUG_INFORMATION_FORMAT = dwarf;
				ENABLE_STRICT_OBJC_MSGSEND = YES;
				ENABLE_TESTABILITY = YES;
				GCC_C_LANGUAGE_STANDARD = gnu11;
				GCC_DYNAMIC_NO_PIC = NO;
				GCC_NO_COMMON_BLOCKS = YES;
				GCC_OPTIMIZATION_LEVEL = 0;
				GCC_PREPROCESSOR_DEFINITIONS = (
					"DEBUG=1",
					"$(inherited)",
				);
				GCC_WARN_64_TO_32_BIT_CONVERSION = YES;
				GCC_WARN_ABOUT_RETURN_TYPE = YES_ERROR;
				GCC_WARN_UNDECLARED_SELECTOR = YES;
				GCC_WARN_UNINITIALIZED_AUTOS = YES_AGGRESSIVE;
				GCC_WARN_UNUSED_FUNCTION = YES;
				GCC_WARN_UNUSED_VARIABLE = YES;
				IPHONEOS_DEPLOYMENT_TARGET = 16.2;
				MTL_ENABLE_DEBUG_INFO = INCLUDE_SOURCE;
				MTL_FAST_MATH = YES;
				ONLY_ACTIVE_ARCH = YES;
				SDKROOT = iphoneos;
				SWIFT_ACTIVE_COMPILATION_CONDITIONS = DEBUG;
				SWIFT_OPTIMIZATION_LEVEL = "-Onone";
			};
			name = Debug;
		};
		E7E228732A8AD80E003C784A /* Release */ = {
			isa = XCBuildConfiguration;
			buildSettings = {
				ALWAYS_SEARCH_USER_PATHS = NO;
				CLANG_ANALYZER_NONNULL = YES;
				CLANG_ANALYZER_NUMBER_OBJECT_CONVERSION = YES_AGGRESSIVE;
				CLANG_CXX_LANGUAGE_STANDARD = "gnu++20";
				CLANG_ENABLE_MODULES = YES;
				CLANG_ENABLE_OBJC_ARC = YES;
				CLANG_ENABLE_OBJC_WEAK = YES;
				CLANG_WARN_BLOCK_CAPTURE_AUTORELEASING = YES;
				CLANG_WARN_BOOL_CONVERSION = YES;
				CLANG_WARN_COMMA = YES;
				CLANG_WARN_CONSTANT_CONVERSION = YES;
				CLANG_WARN_DEPRECATED_OBJC_IMPLEMENTATIONS = YES;
				CLANG_WARN_DIRECT_OBJC_ISA_USAGE = YES_ERROR;
				CLANG_WARN_DOCUMENTATION_COMMENTS = YES;
				CLANG_WARN_EMPTY_BODY = YES;
				CLANG_WARN_ENUM_CONVERSION = YES;
				CLANG_WARN_INFINITE_RECURSION = YES;
				CLANG_WARN_INT_CONVERSION = YES;
				CLANG_WARN_NON_LITERAL_NULL_CONVERSION = YES;
				CLANG_WARN_OBJC_IMPLICIT_RETAIN_SELF = YES;
				CLANG_WARN_OBJC_LITERAL_CONVERSION = YES;
				CLANG_WARN_OBJC_ROOT_CLASS = YES_ERROR;
				CLANG_WARN_QUOTED_INCLUDE_IN_FRAMEWORK_HEADER = YES;
				CLANG_WARN_RANGE_LOOP_ANALYSIS = YES;
				CLANG_WARN_STRICT_PROTOTYPES = YES;
				CLANG_WARN_SUSPICIOUS_MOVE = YES;
				CLANG_WARN_UNGUARDED_AVAILABILITY = YES_AGGRESSIVE;
				CLANG_WARN_UNREACHABLE_CODE = YES;
				CLANG_WARN__DUPLICATE_METHOD_MATCH = YES;
				COPY_PHASE_STRIP = NO;
				DEBUG_INFORMATION_FORMAT = "dwarf-with-dsym";
				ENABLE_NS_ASSERTIONS = NO;
				ENABLE_STRICT_OBJC_MSGSEND = YES;
				GCC_C_LANGUAGE_STANDARD = gnu11;
				GCC_NO_COMMON_BLOCKS = YES;
				GCC_WARN_64_TO_32_BIT_CONVERSION = YES;
				GCC_WARN_ABOUT_RETURN_TYPE = YES_ERROR;
				GCC_WARN_UNDECLARED_SELECTOR = YES;
				GCC_WARN_UNINITIALIZED_AUTOS = YES_AGGRESSIVE;
				GCC_WARN_UNUSED_FUNCTION = YES;
				GCC_WARN_UNUSED_VARIABLE = YES;
				IPHONEOS_DEPLOYMENT_TARGET = 16.2;
				MTL_ENABLE_DEBUG_INFO = NO;
				MTL_FAST_MATH = YES;
				SDKROOT = iphoneos;
				SWIFT_COMPILATION_MODE = wholemodule;
				SWIFT_OPTIMIZATION_LEVEL = "-O";
				VALIDATE_PRODUCT = YES;
			};
			name = Release;
		};
		E7E228752A8AD80E003C784A /* Debug */ = {
			isa = XCBuildConfiguration;
			buildSettings = {
				ASSETCATALOG_COMPILER_APPICON_NAME = AppIcon;
				ASSETCATALOG_COMPILER_GLOBAL_ACCENT_COLOR_NAME = AccentColor;
				CODE_SIGN_STYLE = Automatic;
				CURRENT_PROJECT_VERSION = 1;
				DEVELOPMENT_ASSET_PATHS = "\"ucr app/Preview Content\"";
				DEVELOPMENT_TEAM = UHAF6UQUTF;
				ENABLE_PREVIEWS = YES;
				GENERATE_INFOPLIST_FILE = YES;
				INFOPLIST_KEY_UIApplicationSceneManifest_Generation = YES;
				INFOPLIST_KEY_UIApplicationSupportsIndirectInputEvents = YES;
				INFOPLIST_KEY_UILaunchScreen_Generation = YES;
				INFOPLIST_KEY_UISupportedInterfaceOrientations = UIInterfaceOrientationPortrait;
				INFOPLIST_KEY_UISupportedInterfaceOrientations_iPad = "UIInterfaceOrientationLandscapeLeft UIInterfaceOrientationLandscapeRight UIInterfaceOrientationPortrait UIInterfaceOrientationPortraitUpsideDown";
				LD_RUNPATH_SEARCH_PATHS = (
					"$(inherited)",
					"@executable_path/Frameworks",
				);
				MARKETING_VERSION = 1.0;
				PRODUCT_BUNDLE_IDENTIFIER = "com.alan.ucr-app";
				PRODUCT_NAME = "$(TARGET_NAME)";
				SWIFT_EMIT_LOC_STRINGS = YES;
				SWIFT_VERSION = 5.0;
				TARGETED_DEVICE_FAMILY = "1,2";
			};
			name = Debug;
		};
		E7E228762A8AD80E003C784A /* Release */ = {
			isa = XCBuildConfiguration;
			buildSettings = {
				ASSETCATALOG_COMPILER_APPICON_NAME = AppIcon;
				ASSETCATALOG_COMPILER_GLOBAL_ACCENT_COLOR_NAME = AccentColor;
				CODE_SIGN_STYLE = Automatic;
				CURRENT_PROJECT_VERSION = 1;
				DEVELOPMENT_ASSET_PATHS = "\"ucr app/Preview Content\"";
				DEVELOPMENT_TEAM = UHAF6UQUTF;
				ENABLE_PREVIEWS = YES;
				GENERATE_INFOPLIST_FILE = YES;
				INFOPLIST_KEY_UIApplicationSceneManifest_Generation = YES;
				INFOPLIST_KEY_UIApplicationSupportsIndirectInputEvents = YES;
				INFOPLIST_KEY_UILaunchScreen_Generation = YES;
				INFOPLIST_KEY_UISupportedInterfaceOrientations = UIInterfaceOrientationPortrait;
				INFOPLIST_KEY_UISupportedInterfaceOrientations_iPad = "UIInterfaceOrientationLandscapeLeft UIInterfaceOrientationLandscapeRight UIInterfaceOrientationPortrait UIInterfaceOrientationPortraitUpsideDown";
				LD_RUNPATH_SEARCH_PATHS = (
					"$(inherited)",
					"@executable_path/Frameworks",
				);
				MARKETING_VERSION = 1.0;
				PRODUCT_BUNDLE_IDENTIFIER = "com.alan.ucr-app";
				PRODUCT_NAME = "$(TARGET_NAME)";
				SWIFT_EMIT_LOC_STRINGS = YES;
				SWIFT_VERSION = 5.0;
				TARGETED_DEVICE_FAMILY = "1,2";
			};
			name = Release;
		};
		E7E228782A8AD80E003C784A /* Debug */ = {
			isa = XCBuildConfiguration;
			buildSettings = {
				ALWAYS_EMBED_SWIFT_STANDARD_LIBRARIES = YES;
				BUNDLE_LOADER = "$(TEST_HOST)";
				CODE_SIGN_STYLE = Automatic;
				CURRENT_PROJECT_VERSION = 1;
				DEVELOPMENT_TEAM = UHAF6UQUTF;
				GENERATE_INFOPLIST_FILE = YES;
				IPHONEOS_DEPLOYMENT_TARGET = 16.2;
				MARKETING_VERSION = 1.0;
				PRODUCT_BUNDLE_IDENTIFIER = "com.alan.ucr-appTests";
				PRODUCT_NAME = "$(TARGET_NAME)";
				SWIFT_EMIT_LOC_STRINGS = NO;
				SWIFT_VERSION = 5.0;
				TARGETED_DEVICE_FAMILY = "1,2";
				TEST_HOST = "$(BUILT_PRODUCTS_DIR)/ucr app.app/$(BUNDLE_EXECUTABLE_FOLDER_PATH)/ucr app";
			};
			name = Debug;
		};
		E7E228792A8AD80E003C784A /* Release */ = {
			isa = XCBuildConfiguration;
			buildSettings = {
				ALWAYS_EMBED_SWIFT_STANDARD_LIBRARIES = YES;
				BUNDLE_LOADER = "$(TEST_HOST)";
				CODE_SIGN_STYLE = Automatic;
				CURRENT_PROJECT_VERSION = 1;
				DEVELOPMENT_TEAM = UHAF6UQUTF;
				GENERATE_INFOPLIST_FILE = YES;
				IPHONEOS_DEPLOYMENT_TARGET = 16.2;
				MARKETING_VERSION = 1.0;
				PRODUCT_BUNDLE_IDENTIFIER = "com.alan.ucr-appTests";
				PRODUCT_NAME = "$(TARGET_NAME)";
				SWIFT_EMIT_LOC_STRINGS = NO;
				SWIFT_VERSION = 5.0;
				TARGETED_DEVICE_FAMILY = "1,2";
				TEST_HOST = "$(BUILT_PRODUCTS_DIR)/ucr app.app/$(BUNDLE_EXECUTABLE_FOLDER_PATH)/ucr app";
			};
			name = Release;
		};
		E7E2287B2A8AD80E003C784A /* Debug */ = {
			isa = XCBuildConfiguration;
			buildSettings = {
				ALWAYS_EMBED_SWIFT_STANDARD_LIBRARIES = YES;
				CODE_SIGN_STYLE = Automatic;
				CURRENT_PROJECT_VERSION = 1;
				DEVELOPMENT_TEAM = UHAF6UQUTF;
				GENERATE_INFOPLIST_FILE = YES;
				MARKETING_VERSION = 1.0;
				PRODUCT_BUNDLE_IDENTIFIER = "com.alan.ucr-appUITests";
				PRODUCT_NAME = "$(TARGET_NAME)";
				SWIFT_EMIT_LOC_STRINGS = NO;
				SWIFT_VERSION = 5.0;
				TARGETED_DEVICE_FAMILY = "1,2";
				TEST_TARGET_NAME = "ucr app";
			};
			name = Debug;
		};
		E7E2287C2A8AD80E003C784A /* Release */ = {
			isa = XCBuildConfiguration;
			buildSettings = {
				ALWAYS_EMBED_SWIFT_STANDARD_LIBRARIES = YES;
				CODE_SIGN_STYLE = Automatic;
				CURRENT_PROJECT_VERSION = 1;
				DEVELOPMENT_TEAM = UHAF6UQUTF;
				GENERATE_INFOPLIST_FILE = YES;
				MARKETING_VERSION = 1.0;
				PRODUCT_BUNDLE_IDENTIFIER = "com.alan.ucr-appUITests";
				PRODUCT_NAME = "$(TARGET_NAME)";
				SWIFT_EMIT_LOC_STRINGS = NO;
				SWIFT_VERSION = 5.0;
				TARGETED_DEVICE_FAMILY = "1,2";
				TEST_TARGET_NAME = "ucr app";
			};
			name = Release;
		};
/* End XCBuildConfiguration section */

/* Begin XCConfigurationList section */
		E7E2284B2A8AD80C003C784A /* Build configuration list for PBXProject "ucr app" */ = {
			isa = XCConfigurationList;
			buildConfigurations = (
				E7E228722A8AD80E003C784A /* Debug */,
				E7E228732A8AD80E003C784A /* Release */,
			);
			defaultConfigurationIsVisible = 0;
			defaultConfigurationName = Release;
		};
		E7E228742A8AD80E003C784A /* Build configuration list for PBXNativeTarget "ucr app" */ = {
			isa = XCConfigurationList;
			buildConfigurations = (
				E7E228752A8AD80E003C784A /* Debug */,
				E7E228762A8AD80E003C784A /* Release */,
			);
			defaultConfigurationIsVisible = 0;
			defaultConfigurationName = Release;
		};
		E7E228772A8AD80E003C784A /* Build configuration list for PBXNativeTarget "ucr appTests" */ = {
			isa = XCConfigurationList;
			buildConfigurations = (
				E7E228782A8AD80E003C784A /* Debug */,
				E7E228792A8AD80E003C784A /* Release */,
			);
			defaultConfigurationIsVisible = 0;
			defaultConfigurationName = Release;
		};
		E7E2287A2A8AD80E003C784A /* Build configuration list for PBXNativeTarget "ucr appUITests" */ = {
			isa = XCConfigurationList;
			buildConfigurations = (
				E7E2287B2A8AD80E003C784A /* Debug */,
				E7E2287C2A8AD80E003C784A /* Release */,
			);
			defaultConfigurationIsVisible = 0;
			defaultConfigurationName = Release;
		};
/* End XCConfigurationList section */
	};
	rootObject = E7E228482A8AD80C003C784A /* Project object */;
}
